// !$*UTF8*$!
{
	archiveVersion = 1;
	classes = {
	};
	objectVersion = 51;
	objects = {

/* Begin PBXBuildFile section */
		CD10BF5024D955FD00536B59 /* AppDelegate.swift in Sources */ = {isa = PBXBuildFile; fileRef = CD10BF4F24D955FD00536B59 /* AppDelegate.swift */; };
		CD10BF5924D955FE00536B59 /* Assets.xcassets in Resources */ = {isa = PBXBuildFile; fileRef = CD10BF5824D955FE00536B59 /* Assets.xcassets */; };
		CD10BF5C24D955FE00536B59 /* LaunchScreen.storyboard in Resources */ = {isa = PBXBuildFile; fileRef = CD10BF5A24D955FE00536B59 /* LaunchScreen.storyboard */; };
		CD10BF6D24D95DE200536B59 /* FundViewController.swift in Sources */ = {isa = PBXBuildFile; fileRef = CD10BF6C24D95DE200536B59 /* FundViewController.swift */; };
		CD10BF6F24D95FC800536B59 /* AddRecodViewController.swift in Sources */ = {isa = PBXBuildFile; fileRef = CD10BF6E24D95FC800536B59 /* AddRecodViewController.swift */; };
		CD10BF7224D963F900536B59 /* FundTableViewCell.swift in Sources */ = {isa = PBXBuildFile; fileRef = CD10BF7124D963F900536B59 /* FundTableViewCell.swift */; };
		CD10BF7524DA468C00536B59 /* FundSectionHeaderView.swift in Sources */ = {isa = PBXBuildFile; fileRef = CD10BF7424DA468C00536B59 /* FundSectionHeaderView.swift */; };
		CD10BF7724DA4AAF00536B59 /* Model.swift in Sources */ = {isa = PBXBuildFile; fileRef = CD10BF7624DA4AAF00536B59 /* Model.swift */; };
		CD10BF7C24DA606200536B59 /* Tool.m in Sources */ = {isa = PBXBuildFile; fileRef = CD10BF7B24DA606200536B59 /* Tool.m */; };
		CD10BF8024DA781300536B59 /* GLDataBase.m in Sources */ = {isa = PBXBuildFile; fileRef = CD10BF7F24DA781300536B59 /* GLDataBase.m */; };
		CD10BF8324DA793E00536B59 /* GLDatabaseManager.m in Sources */ = {isa = PBXBuildFile; fileRef = CD10BF8224DA793E00536B59 /* GLDatabaseManager.m */; };
		CD10BF8624DA7FE800536B59 /* GLFundDataBase.m in Sources */ = {isa = PBXBuildFile; fileRef = CD10BF8524DA7FE800536B59 /* GLFundDataBase.m */; };
		E6C2F96E3C6F5E406EC2154F /* Pods_MyFund.framework in Frameworks */ = {isa = PBXBuildFile; fileRef = 2CC2AEF21CDC616D6B8DA6FB /* Pods_MyFund.framework */; };
/* End PBXBuildFile section */

/* Begin PBXFileReference section */
		2265B9C3339316D40684A10E /* Pods-MyFund.debug.xcconfig */ = {isa = PBXFileReference; includeInIndex = 1; lastKnownFileType = text.xcconfig; name = "Pods-MyFund.debug.xcconfig"; path = "Target Support Files/Pods-MyFund/Pods-MyFund.debug.xcconfig"; sourceTree = "<group>"; };
		26293C4A3BF7BA5CD15A1F2E /* Pods-MyFund.release.xcconfig */ = {isa = PBXFileReference; includeInIndex = 1; lastKnownFileType = text.xcconfig; name = "Pods-MyFund.release.xcconfig"; path = "Target Support Files/Pods-MyFund/Pods-MyFund.release.xcconfig"; sourceTree = "<group>"; };
		2CC2AEF21CDC616D6B8DA6FB /* Pods_MyFund.framework */ = {isa = PBXFileReference; explicitFileType = wrapper.framework; includeInIndex = 0; path = Pods_MyFund.framework; sourceTree = BUILT_PRODUCTS_DIR; };
		CD10BF4C24D955FD00536B59 /* MyFund.app */ = {isa = PBXFileReference; explicitFileType = wrapper.application; includeInIndex = 0; path = MyFund.app; sourceTree = BUILT_PRODUCTS_DIR; };
		CD10BF4F24D955FD00536B59 /* AppDelegate.swift */ = {isa = PBXFileReference; lastKnownFileType = sourcecode.swift; path = AppDelegate.swift; sourceTree = "<group>"; };
		CD10BF5824D955FE00536B59 /* Assets.xcassets */ = {isa = PBXFileReference; lastKnownFileType = folder.assetcatalog; path = Assets.xcassets; sourceTree = "<group>"; };
		CD10BF5B24D955FE00536B59 /* Base */ = {isa = PBXFileReference; lastKnownFileType = file.storyboard; name = Base; path = Base.lproj/LaunchScreen.storyboard; sourceTree = "<group>"; };
		CD10BF5D24D955FE00536B59 /* Info.plist */ = {isa = PBXFileReference; lastKnownFileType = text.plist.xml; path = Info.plist; sourceTree = "<group>"; };
		CD10BF6C24D95DE200536B59 /* FundViewController.swift */ = {isa = PBXFileReference; lastKnownFileType = sourcecode.swift; path = FundViewController.swift; sourceTree = "<group>"; };
		CD10BF6E24D95FC800536B59 /* AddRecodViewController.swift */ = {isa = PBXFileReference; lastKnownFileType = sourcecode.swift; path = AddRecodViewController.swift; sourceTree = "<group>"; };
		CD10BF7124D963F900536B59 /* FundTableViewCell.swift */ = {isa = PBXFileReference; lastKnownFileType = sourcecode.swift; path = FundTableViewCell.swift; sourceTree = "<group>"; };
		CD10BF7424DA468C00536B59 /* FundSectionHeaderView.swift */ = {isa = PBXFileReference; lastKnownFileType = sourcecode.swift; path = FundSectionHeaderView.swift; sourceTree = "<group>"; };
		CD10BF7624DA4AAF00536B59 /* Model.swift */ = {isa = PBXFileReference; lastKnownFileType = sourcecode.swift; path = Model.swift; sourceTree = "<group>"; };
		CD10BF7924DA606200536B59 /* MyFund-Bridging-Header.h */ = {isa = PBXFileReference; lastKnownFileType = sourcecode.c.h; path = "MyFund-Bridging-Header.h"; sourceTree = "<group>"; };
		CD10BF7A24DA606200536B59 /* Tool.h */ = {isa = PBXFileReference; lastKnownFileType = sourcecode.c.h; path = Tool.h; sourceTree = "<group>"; };
		CD10BF7B24DA606200536B59 /* Tool.m */ = {isa = PBXFileReference; lastKnownFileType = sourcecode.c.objc; path = Tool.m; sourceTree = "<group>"; };
		CD10BF7E24DA781300536B59 /* GLDataBase.h */ = {isa = PBXFileReference; lastKnownFileType = sourcecode.c.h; path = GLDataBase.h; sourceTree = "<group>"; };
		CD10BF7F24DA781300536B59 /* GLDataBase.m */ = {isa = PBXFileReference; lastKnownFileType = sourcecode.c.objc; path = GLDataBase.m; sourceTree = "<group>"; };
		CD10BF8124DA793E00536B59 /* GLDatabaseManager.h */ = {isa = PBXFileReference; lastKnownFileType = sourcecode.c.h; path = GLDatabaseManager.h; sourceTree = "<group>"; };
		CD10BF8224DA793E00536B59 /* GLDatabaseManager.m */ = {isa = PBXFileReference; lastKnownFileType = sourcecode.c.objc; path = GLDatabaseManager.m; sourceTree = "<group>"; };
		CD10BF8424DA7FE800536B59 /* GLFundDataBase.h */ = {isa = PBXFileReference; lastKnownFileType = sourcecode.c.h; path = GLFundDataBase.h; sourceTree = "<group>"; };
		CD10BF8524DA7FE800536B59 /* GLFundDataBase.m */ = {isa = PBXFileReference; lastKnownFileType = sourcecode.c.objc; path = GLFundDataBase.m; sourceTree = "<group>"; };
/* End PBXFileReference section */

/* Begin PBXFrameworksBuildPhase section */
		CD10BF4924D955FD00536B59 /* Frameworks */ = {
			isa = PBXFrameworksBuildPhase;
			buildActionMask = 2147483647;
			files = (
				E6C2F96E3C6F5E406EC2154F /* Pods_MyFund.framework in Frameworks */,
			);
			runOnlyForDeploymentPostprocessing = 0;
		};
/* End PBXFrameworksBuildPhase section */

/* Begin PBXGroup section */
		B0D039092E3807E55B8F59B4 /* Pods */ = {
			isa = PBXGroup;
			children = (
				2265B9C3339316D40684A10E /* Pods-MyFund.debug.xcconfig */,
				26293C4A3BF7BA5CD15A1F2E /* Pods-MyFund.release.xcconfig */,
			);
			path = Pods;
			sourceTree = "<group>";
		};
		CD10BF4324D955FD00536B59 = {
			isa = PBXGroup;
			children = (
				CD10BF4E24D955FD00536B59 /* MyFund */,
				CD10BF4D24D955FD00536B59 /* Products */,
				B0D039092E3807E55B8F59B4 /* Pods */,
				F7C4D0A05053097BA1013B8D /* Frameworks */,
			);
			sourceTree = "<group>";
		};
		CD10BF4D24D955FD00536B59 /* Products */ = {
			isa = PBXGroup;
			children = (
				CD10BF4C24D955FD00536B59 /* MyFund.app */,
			);
			name = Products;
			sourceTree = "<group>";
		};
		CD10BF4E24D955FD00536B59 /* MyFund */ = {
			isa = PBXGroup;
			children = (
				CD10BF6624D95BC500536B59 /* Resources */,
				CD10BF6524D95BAA00536B59 /* GL_Common */,
				CD10BF6424D95B9D00536B59 /* Function */,
				CD10BF6324D95B3E00536B59 /* Third */,
				CD10BF4F24D955FD00536B59 /* AppDelegate.swift */,
				CD10BF7924DA606200536B59 /* MyFund-Bridging-Header.h */,
				CD10BF5824D955FE00536B59 /* Assets.xcassets */,
				CD10BF5A24D955FE00536B59 /* LaunchScreen.storyboard */,
				CD10BF5D24D955FE00536B59 /* Info.plist */,
			);
			path = MyFund;
			sourceTree = "<group>";
		};
		CD10BF6324D95B3E00536B59 /* Third */ = {
			isa = PBXGroup;
			children = (
			);
			path = Third;
			sourceTree = "<group>";
		};
		CD10BF6424D95B9D00536B59 /* Function */ = {
			isa = PBXGroup;
			children = (
				CD10BF6724D95D4400536B59 /* Main */,
			);
			path = Function;
			sourceTree = "<group>";
		};
		CD10BF6524D95BAA00536B59 /* GL_Common */ = {
			isa = PBXGroup;
			children = (
				CD10BF7824DA604C00536B59 /* Tool */,
			);
			path = GL_Common;
			sourceTree = "<group>";
		};
		CD10BF6624D95BC500536B59 /* Resources */ = {
			isa = PBXGroup;
			children = (
			);
			path = Resources;
			sourceTree = "<group>";
		};
		CD10BF6724D95D4400536B59 /* Main */ = {
			isa = PBXGroup;
			children = (
				CD10BF6B24D95D9500536B59 /* View */,
				CD10BF6A24D95D8B00536B59 /* ViewModel */,
				CD10BF6924D95D8600536B59 /* Model */,
				CD10BF6824D95D7700536B59 /* Controller */,
			);
			path = Main;
			sourceTree = "<group>";
		};
		CD10BF6824D95D7700536B59 /* Controller */ = {
			isa = PBXGroup;
			children = (
				CD10BF6C24D95DE200536B59 /* FundViewController.swift */,
				CD10BF6E24D95FC800536B59 /* AddRecodViewController.swift */,
			);
			path = Controller;
			sourceTree = "<group>";
		};
		CD10BF6924D95D8600536B59 /* Model */ = {
			isa = PBXGroup;
			children = (
				CD10BF7624DA4AAF00536B59 /* Model.swift */,
			);
			path = Model;
			sourceTree = "<group>";
		};
		CD10BF6A24D95D8B00536B59 /* ViewModel */ = {
			isa = PBXGroup;
			children = (
			);
			path = ViewModel;
			sourceTree = "<group>";
		};
		CD10BF6B24D95D9500536B59 /* View */ = {
			isa = PBXGroup;
			children = (
				CD10BF7324DA45DB00536B59 /* CustomView */,
				CD10BF7024D963D900536B59 /* Cell */,
			);
			path = View;
			sourceTree = "<group>";
		};
		CD10BF7024D963D900536B59 /* Cell */ = {
			isa = PBXGroup;
			children = (
				CD10BF7124D963F900536B59 /* FundTableViewCell.swift */,
			);
			path = Cell;
			sourceTree = "<group>";
		};
		CD10BF7324DA45DB00536B59 /* CustomView */ = {
			isa = PBXGroup;
			children = (
				CD10BF7424DA468C00536B59 /* FundSectionHeaderView.swift */,
			);
			path = CustomView;
			sourceTree = "<group>";
		};
		CD10BF7824DA604C00536B59 /* Tool */ = {
			isa = PBXGroup;
			children = (
				CD10BF7A24DA606200536B59 /* Tool.h */,
				CD10BF7B24DA606200536B59 /* Tool.m */,
				CD10BF7E24DA781300536B59 /* GLDataBase.h */,
				CD10BF7F24DA781300536B59 /* GLDataBase.m */,
				CD10BF8424DA7FE800536B59 /* GLFundDataBase.h */,
				CD10BF8524DA7FE800536B59 /* GLFundDataBase.m */,
				CD10BF8124DA793E00536B59 /* GLDatabaseManager.h */,
				CD10BF8224DA793E00536B59 /* GLDatabaseManager.m */,
			);
			path = Tool;
			sourceTree = "<group>";
		};
		F7C4D0A05053097BA1013B8D /* Frameworks */ = {
			isa = PBXGroup;
			children = (
				2CC2AEF21CDC616D6B8DA6FB /* Pods_MyFund.framework */,
			);
			name = Frameworks;
			sourceTree = "<group>";
		};
/* End PBXGroup section */

/* Begin PBXNativeTarget section */
		CD10BF4B24D955FD00536B59 /* MyFund */ = {
			isa = PBXNativeTarget;
			buildConfigurationList = CD10BF6024D955FE00536B59 /* Build configuration list for PBXNativeTarget "MyFund" */;
			buildPhases = (
				D408B564A8B005D25E3BCB53 /* [CP] Check Pods Manifest.lock */,
				CD10BF4824D955FD00536B59 /* Sources */,
				CD10BF4924D955FD00536B59 /* Frameworks */,
				CD10BF4A24D955FD00536B59 /* Resources */,
				BAF6E09B54DEB31DF1EB5605 /* [CP] Embed Pods Frameworks */,
			);
			buildRules = (
			);
			dependencies = (
			);
			name = MyFund;
			productName = MyFund;
			productReference = CD10BF4C24D955FD00536B59 /* MyFund.app */;
			productType = "com.apple.product-type.application";
		};
/* End PBXNativeTarget section */

/* Begin PBXProject section */
		CD10BF4424D955FD00536B59 /* Project object */ = {
			isa = PBXProject;
			attributes = {
				LastSwiftUpdateCheck = 1150;
				LastUpgradeCheck = 1150;
				ORGANIZATIONNAME = ZM;
				TargetAttributes = {
					CD10BF4B24D955FD00536B59 = {
						CreatedOnToolsVersion = 11.5;
						LastSwiftMigration = 1150;
					};
				};
			};
			buildConfigurationList = CD10BF4724D955FD00536B59 /* Build configuration list for PBXProject "MyFund" */;
			compatibilityVersion = "Xcode 9.3";
			developmentRegion = en;
			hasScannedForEncodings = 0;
			knownRegions = (
				en,
				Base,
			);
			mainGroup = CD10BF4324D955FD00536B59;
			productRefGroup = CD10BF4D24D955FD00536B59 /* Products */;
			projectDirPath = "";
			projectRoot = "";
			targets = (
				CD10BF4B24D955FD00536B59 /* MyFund */,
			);
		};
/* End PBXProject section */

/* Begin PBXResourcesBuildPhase section */
		CD10BF4A24D955FD00536B59 /* Resources */ = {
			isa = PBXResourcesBuildPhase;
			buildActionMask = 2147483647;
			files = (
				CD10BF5C24D955FE00536B59 /* LaunchScreen.storyboard in Resources */,
				CD10BF5924D955FE00536B59 /* Assets.xcassets in Resources */,
			);
			runOnlyForDeploymentPostprocessing = 0;
		};
/* End PBXResourcesBuildPhase section */

/* Begin PBXShellScriptBuildPhase section */
		BAF6E09B54DEB31DF1EB5605 /* [CP] Embed Pods Frameworks */ = {
			isa = PBXShellScriptBuildPhase;
			buildActionMask = 2147483647;
			files = (
			);
			inputFileListPaths = (
				"${PODS_ROOT}/Target Support Files/Pods-MyFund/Pods-MyFund-frameworks-${CONFIGURATION}-input-files.xcfilelist",
			);
			name = "[CP] Embed Pods Frameworks";
			outputFileListPaths = (
				"${PODS_ROOT}/Target Support Files/Pods-MyFund/Pods-MyFund-frameworks-${CONFIGURATION}-output-files.xcfilelist",
			);
			runOnlyForDeploymentPostprocessing = 0;
			shellPath = /bin/sh;
			shellScript = "\"${PODS_ROOT}/Target Support Files/Pods-MyFund/Pods-MyFund-frameworks.sh\"\n";
			showEnvVarsInLog = 0;
		};
		D408B564A8B005D25E3BCB53 /* [CP] Check Pods Manifest.lock */ = {
			isa = PBXShellScriptBuildPhase;
			buildActionMask = 2147483647;
			files = (
			);
			inputFileListPaths = (
			);
			inputPaths = (
				"${PODS_PODFILE_DIR_PATH}/Podfile.lock",
				"${PODS_ROOT}/Manifest.lock",
			);
			name = "[CP] Check Pods Manifest.lock";
			outputFileListPaths = (
			);
			outputPaths = (
				"$(DERIVED_FILE_DIR)/Pods-MyFund-checkManifestLockResult.txt",
			);
			runOnlyForDeploymentPostprocessing = 0;
			shellPath = /bin/sh;
			shellScript = "diff \"${PODS_PODFILE_DIR_PATH}/Podfile.lock\" \"${PODS_ROOT}/Manifest.lock\" > /dev/null\nif [ $? != 0 ] ; then\n    # print error to STDERR\n    echo \"error: The sandbox is not in sync with the Podfile.lock. Run 'pod install' or update your CocoaPods installation.\" >&2\n    exit 1\nfi\n# This output is used by Xcode 'outputs' to avoid re-running this script phase.\necho \"SUCCESS\" > \"${SCRIPT_OUTPUT_FILE_0}\"\n";
			showEnvVarsInLog = 0;
		};
/* End PBXShellScriptBuildPhase section */

/* Begin PBXSourcesBuildPhase section */
		CD10BF4824D955FD00536B59 /* Sources */ = {
			isa = PBXSourcesBuildPhase;
			buildActionMask = 2147483647;
			files = (
				CD10BF8324DA793E00536B59 /* GLDatabaseManager.m in Sources */,
				CD10BF6F24D95FC800536B59 /* AddRecodViewController.swift in Sources */,
				CD10BF8624DA7FE800536B59 /* GLFundDataBase.m in Sources */,
				CD10BF7524DA468C00536B59 /* FundSectionHeaderView.swift in Sources */,
				CD10BF7C24DA606200536B59 /* Tool.m in Sources */,
				CD10BF8024DA781300536B59 /* GLDataBase.m in Sources */,
				CD10BF6D24D95DE200536B59 /* FundViewController.swift in Sources */,
				CD10BF7724DA4AAF00536B59 /* Model.swift in Sources */,
				CD10BF7224D963F900536B59 /* FundTableViewCell.swift in Sources */,
				CD10BF5024D955FD00536B59 /* AppDelegate.swift in Sources */,
			);
			runOnlyForDeploymentPostprocessing = 0;
		};
/* End PBXSourcesBuildPhase section */

/* Begin PBXVariantGroup section */
		CD10BF5A24D955FE00536B59 /* LaunchScreen.storyboard */ = {
			isa = PBXVariantGroup;
			children = (
				CD10BF5B24D955FE00536B59 /* Base */,
			);
			name = LaunchScreen.storyboard;
			sourceTree = "<group>";
		};
/* End PBXVariantGroup section */

/* Begin XCBuildConfiguration section */
		CD10BF5E24D955FE00536B59 /* Debug */ = {
			isa = XCBuildConfiguration;
			buildSettings = {
				ALWAYS_SEARCH_USER_PATHS = NO;
				CLANG_ANALYZER_NONNULL = YES;
				CLANG_ANALYZER_NUMBER_OBJECT_CONVERSION = YES_AGGRESSIVE;
				CLANG_CXX_LANGUAGE_STANDARD = "gnu++14";
				CLANG_CXX_LIBRARY = "libc++";
				CLANG_ENABLE_MODULES = YES;
				CLANG_ENABLE_OBJC_ARC = YES;
				CLANG_ENABLE_OBJC_WEAK = YES;
				CLANG_WARN_BLOCK_CAPTURE_AUTORELEASING = YES;
				CLANG_WARN_BOOL_CONVERSION = YES;
				CLANG_WARN_COMMA = YES;
				CLANG_WARN_CONSTANT_CONVERSION = YES;
				CLANG_WARN_DEPRECATED_OBJC_IMPLEMENTATIONS = YES;
				CLANG_WARN_DIRECT_OBJC_ISA_USAGE = YES_ERROR;
				CLANG_WARN_DOCUMENTATION_COMMENTS = YES;
				CLANG_WARN_EMPTY_BODY = YES;
				CLANG_WARN_ENUM_CONVERSION = YES;
				CLANG_WARN_INFINITE_RECURSION = YES;
				CLANG_WARN_INT_CONVERSION = YES;
				CLANG_WARN_NON_LITERAL_NULL_CONVERSION = YES;
				CLANG_WARN_OBJC_IMPLICIT_RETAIN_SELF = YES;
				CLANG_WARN_OBJC_LITERAL_CONVERSION = YES;
				CLANG_WARN_OBJC_ROOT_CLASS = YES_ERROR;
				CLANG_WARN_RANGE_LOOP_ANALYSIS = YES;
				CLANG_WARN_STRICT_PROTOTYPES = YES;
				CLANG_WARN_SUSPICIOUS_MOVE = YES;
				CLANG_WARN_UNGUARDED_AVAILABILITY = YES_AGGRESSIVE;
				CLANG_WARN_UNREACHABLE_CODE = YES;
				CLANG_WARN__DUPLICATE_METHOD_MATCH = YES;
				COPY_PHASE_STRIP = NO;
				DEBUG_INFORMATION_FORMAT = dwarf;
				ENABLE_STRICT_OBJC_MSGSEND = YES;
				ENABLE_TESTABILITY = YES;
				GCC_C_LANGUAGE_STANDARD = gnu11;
				GCC_DYNAMIC_NO_PIC = NO;
				GCC_NO_COMMON_BLOCKS = YES;
				GCC_OPTIMIZATION_LEVEL = 0;
				GCC_PREPROCESSOR_DEFINITIONS = (
					"DEBUG=1",
					"$(inherited)",
				);
				GCC_WARN_64_TO_32_BIT_CONVERSION = YES;
				GCC_WARN_ABOUT_RETURN_TYPE = YES_ERROR;
				GCC_WARN_UNDECLARED_SELECTOR = YES;
				GCC_WARN_UNINITIALIZED_AUTOS = YES_AGGRESSIVE;
				GCC_WARN_UNUSED_FUNCTION = YES;
				GCC_WARN_UNUSED_VARIABLE = YES;
				IPHONEOS_DEPLOYMENT_TARGET = 13.5;
				MTL_ENABLE_DEBUG_INFO = INCLUDE_SOURCE;
				MTL_FAST_MATH = YES;
				ONLY_ACTIVE_ARCH = YES;
				SDKROOT = iphoneos;
				SWIFT_ACTIVE_COMPILATION_CONDITIONS = DEBUG;
				SWIFT_OPTIMIZATION_LEVEL = "-Onone";
			};
			name = Debug;
		};
		CD10BF5F24D955FE00536B59 /* Release */ = {
			isa = XCBuildConfiguration;
			buildSettings = {
				ALWAYS_SEARCH_USER_PATHS = NO;
				CLANG_ANALYZER_NONNULL = YES;
				CLANG_ANALYZER_NUMBER_OBJECT_CONVERSION = YES_AGGRESSIVE;
				CLANG_CXX_LANGUAGE_STANDARD = "gnu++14";
				CLANG_CXX_LIBRARY = "libc++";
				CLANG_ENABLE_MODULES = YES;
				CLANG_ENABLE_OBJC_ARC = YES;
				CLANG_ENABLE_OBJC_WEAK = YES;
				CLANG_WARN_BLOCK_CAPTURE_AUTORELEASING = YES;
				CLANG_WARN_BOOL_CONVERSION = YES;
				CLANG_WARN_COMMA = YES;
				CLANG_WARN_CONSTANT_CONVERSION = YES;
				CLANG_WARN_DEPRECATED_OBJC_IMPLEMENTATIONS = YES;
				CLANG_WARN_DIRECT_OBJC_ISA_USAGE = YES_ERROR;
				CLANG_WARN_DOCUMENTATION_COMMENTS = YES;
				CLANG_WARN_EMPTY_BODY = YES;
				CLANG_WARN_ENUM_CONVERSION = YES;
				CLANG_WARN_INFINITE_RECURSION = YES;
				CLANG_WARN_INT_CONVERSION = YES;
				CLANG_WARN_NON_LITERAL_NULL_CONVERSION = YES;
				CLANG_WARN_OBJC_IMPLICIT_RETAIN_SELF = YES;
				CLANG_WARN_OBJC_LITERAL_CONVERSION = YES;
				CLANG_WARN_OBJC_ROOT_CLASS = YES_ERROR;
				CLANG_WARN_RANGE_LOOP_ANALYSIS = YES;
				CLANG_WARN_STRICT_PROTOTYPES = YES;
				CLANG_WARN_SUSPICIOUS_MOVE = YES;
				CLANG_WARN_UNGUARDED_AVAILABILITY = YES_AGGRESSIVE;
				CLANG_WARN_UNREACHABLE_CODE = YES;
				CLANG_WARN__DUPLICATE_METHOD_MATCH = YES;
				COPY_PHASE_STRIP = NO;
				DEBUG_INFORMATION_FORMAT = "dwarf-with-dsym";
				ENABLE_NS_ASSERTIONS = NO;
				ENABLE_STRICT_OBJC_MSGSEND = YES;
				GCC_C_LANGUAGE_STANDARD = gnu11;
				GCC_NO_COMMON_BLOCKS = YES;
				GCC_WARN_64_TO_32_BIT_CONVERSION = YES;
				GCC_WARN_ABOUT_RETURN_TYPE = YES_ERROR;
				GCC_WARN_UNDECLARED_SELECTOR = YES;
				GCC_WARN_UNINITIALIZED_AUTOS = YES_AGGRESSIVE;
				GCC_WARN_UNUSED_FUNCTION = YES;
				GCC_WARN_UNUSED_VARIABLE = YES;
				IPHONEOS_DEPLOYMENT_TARGET = 13.5;
				MTL_ENABLE_DEBUG_INFO = NO;
				MTL_FAST_MATH = YES;
				SDKROOT = iphoneos;
				SWIFT_COMPILATION_MODE = wholemodule;
				SWIFT_OPTIMIZATION_LEVEL = "-O";
				VALIDATE_PRODUCT = YES;
			};
			name = Release;
		};
		CD10BF6124D955FE00536B59 /* Debug */ = {
			isa = XCBuildConfiguration;
			baseConfigurationReference = 2265B9C3339316D40684A10E /* Pods-MyFund.debug.xcconfig */;
			buildSettings = {
				ASSETCATALOG_COMPILER_APPICON_NAME = AppIcon;
				CLANG_ENABLE_MODULES = YES;
				CODE_SIGN_STYLE = Automatic;
				DEVELOPMENT_TEAM = 8Q4F77XGYH;
				INFOPLIST_FILE = MyFund/Info.plist;
				IPHONEOS_DEPLOYMENT_TARGET = 10.0;
				LD_RUNPATH_SEARCH_PATHS = (
					"$(inherited)",
					"@executable_path/Frameworks",
				);
				PRODUCT_BUNDLE_IDENTIFIER = com.LeYuan.Game.XiaoXiaoLe;
				PRODUCT_NAME = "$(TARGET_NAME)";
				SWIFT_OBJC_BRIDGING_HEADER = "MyFund//MyFund-Bridging-Header.h";
				SWIFT_OPTIMIZATION_LEVEL = "-Onone";
				SWIFT_VERSION = 5.0;
				TARGETED_DEVICE_FAMILY = 1;
			};
			name = Debug;
		};
		CD10BF6224D955FE00536B59 /* Release */ = {
			isa = XCBuildConfiguration;
			baseConfigurationReference = 26293C4A3BF7BA5CD15A1F2E /* Pods-MyFund.release.xcconfig */;
			buildSettings = {
				ASSETCATALOG_COMPILER_APPICON_NAME = AppIcon;
				CLANG_ENABLE_MODULES = YES;
				CODE_SIGN_STYLE = Automatic;
				DEVELOPMENT_TEAM = 8Q4F77XGYH;
				INFOPLIST_FILE = MyFund/Info.plist;
				IPHONEOS_DEPLOYMENT_TARGET = 10.0;
				LD_RUNPATH_SEARCH_PATHS = (
					"$(inherited)",
					"@executable_path/Frameworks",
				);
				PRODUCT_BUNDLE_IDENTIFIER = com.LeYuan.Game.XiaoXiaoLe;
				PRODUCT_NAME = "$(TARGET_NAME)";
				SWIFT_OBJC_BRIDGING_HEADER = "MyFund//MyFund-Bridging-Header.h";
				SWIFT_VERSION = 5.0;
				TARGETED_DEVICE_FAMILY = 1;
			};
			name = Release;
		};
/* End XCBuildConfiguration section */

/* Begin XCConfigurationList section */
		CD10BF4724D955FD00536B59 /* Build configuration list for PBXProject "MyFund" */ = {
			isa = XCConfigurationList;
			buildConfigurations = (
				CD10BF5E24D955FE00536B59 /* Debug */,
				CD10BF5F24D955FE00536B59 /* Release */,
			);
			defaultConfigurationIsVisible = 0;
			defaultConfigurationName = Release;
		};
		CD10BF6024D955FE00536B59 /* Build configuration list for PBXNativeTarget "MyFund" */ = {
			isa = XCConfigurationList;
			buildConfigurations = (
				CD10BF6124D955FE00536B59 /* Debug */,
				CD10BF6224D955FE00536B59 /* Release */,
			);
			defaultConfigurationIsVisible = 0;
			defaultConfigurationName = Release;
		};
/* End XCConfigurationList section */
	};
	rootObject = CD10BF4424D955FD00536B59 /* Project object */;
}
